// !$*UTF8*$!
{
	archiveVersion = 1;
	classes = {
	};
	objectVersion = 63;
	objects = {

/* Begin PBXBuildFile section */
		036D02036D74DAFC9A4DAD25 /* BoardView.swift in Sources */ = {isa = PBXBuildFile; fileRef = BBE6F774547436E2AF9501D2 /* BoardView.swift */; };
		07C24A4D9C2195F2C145A144 /* DictionaryService.swift in Sources */ = {isa = PBXBuildFile; fileRef = 162ADEB5063FC2B6E078BB54 /* DictionaryService.swift */; };
		0DF7B92128C2D5781338E47C /* AppEnvironment.swift in Sources */ = {isa = PBXBuildFile; fileRef = E6A3253B077F1026F0538CE1 /* AppEnvironment.swift */; };
		0EA863D887A973B1555A1D7C /* seed_words_7.txt in Resources */ = {isa = PBXBuildFile; fileRef = EF729006AB1ED46D1AF42766 /* seed_words_7.txt */; };
		1180EF9F58B8D07F153EBA4A /* PersistenceController.swift in Sources */ = {isa = PBXBuildFile; fileRef = 452D6A8A209138A9B3F195CC /* PersistenceController.swift */; };
		2D5BE0943569D421671052BD /* TurnRecord+CoreData.swift in Sources */ = {isa = PBXBuildFile; fileRef = 8BACA05956F822159A4B933C /* TurnRecord+CoreData.swift */; };
		3035DCC956AB9BFE6C9191BE /* Model.xcdatamodeld in Sources */ = {isa = PBXBuildFile; fileRef = 34540F444C0876E64BCD1898 /* Model.xcdatamodeld */; };
		3915BC3FCF284C267231CAF0 /* RulesView.swift in Sources */ = {isa = PBXBuildFile; fileRef = 8F2346068E7615AFD2526CBD /* RulesView.swift */; };
		3CFC0E286A817681BA68AC80 /* BoardAnalyzer.swift in Sources */ = {isa = PBXBuildFile; fileRef = A174B949A62AC1A1FB8D1661 /* BoardAnalyzer.swift */; };
		3DFD21D8F228914522F48F30 /* HistoryView.swift in Sources */ = {isa = PBXBuildFile; fileRef = F736309008045FBB38A049A7 /* HistoryView.swift */; };
		3E095BA833713A3F462849FB /* GameView.swift in Sources */ = {isa = PBXBuildFile; fileRef = 8BA7FE898CC227A17D7AC905 /* GameView.swift */; };
		3E162654CCDF08AA4C3B72C1 /* PersistenceTests.swift in Sources */ = {isa = PBXBuildFile; fileRef = B5C87DDA3831B34885EA1B5C /* PersistenceTests.swift */; };
		3FF87517D1425ED5C4CAE694 /* AITests.swift in Sources */ = {isa = PBXBuildFile; fileRef = 43EE5E83C1D3647866473E21 /* AITests.swift */; };
		4314129ED5E07B67588B2255 /* Character+Extensions.swift in Sources */ = {isa = PBXBuildFile; fileRef = 44CDC865D5BF9D1D35508DA0 /* Character+Extensions.swift */; };
		5459DEFFDB8EA70EAAA9E959 /* RootView.swift in Sources */ = {isa = PBXBuildFile; fileRef = BDE46CA291B1BB762353D71E /* RootView.swift */; };
		550D8A51CC565642A7C89C25 /* confirm_word.wav in Resources */ = {isa = PBXBuildFile; fileRef = 94D917EF5275029B2DCCCCDE /* confirm_word.wav */; };
		5CA0D64F395E794781C85FAE /* TileView.swift in Sources */ = {isa = PBXBuildFile; fileRef = B26BAB816530CB54EEA1062C /* TileView.swift */; };
		64B6B6313ACFCC688A226C73 /* BoardTypes.swift in Sources */ = {isa = PBXBuildFile; fileRef = DE328E38B689783922F837E8 /* BoardTypes.swift */; };
		657AABA3EDDE22F6DF6E9689 /* AIPlayer.swift in Sources */ = {isa = PBXBuildFile; fileRef = 68E66937755756CDD0944194 /* AIPlayer.swift */; };
		658AFFFF4C6660F2C1048D92 /* AddOneLetterWordGameApp.swift in Sources */ = {isa = PBXBuildFile; fileRef = E6EA24A38C5E9A777E18043F /* AddOneLetterWordGameApp.swift */; };
		688E8BD1BBDCE01385D2638E /* HapticsManager.swift in Sources */ = {isa = PBXBuildFile; fileRef = 11464D3BCD6F0E0C3D0E7D6E /* HapticsManager.swift */; };
		68E6875BA64AACEA39702F29 /* game_end.wav in Resources */ = {isa = PBXBuildFile; fileRef = 7BADFE1C921CEFEC3687965E /* game_end.wav */; };
		6C3038BA372700FF3F09AF1D /* english_words.tsv in Resources */ = {isa = PBXBuildFile; fileRef = 49E4A892910EB5960A02E433 /* english_words.tsv */; };
		6C61110180707EEC911A379B /* seed_words_6.txt in Resources */ = {isa = PBXBuildFile; fileRef = B92C8052509FB02DC37010B5 /* seed_words_6.txt */; };
		733971F46D096F4EB4EECB92 /* PrivacyInfo.xcprivacy in Resources */ = {isa = PBXBuildFile; fileRef = 1C1FA1F8E534A7427D536666 /* PrivacyInfo.xcprivacy */; };
		794FB7538D2FFCF02C876C0B /* GameEngine.swift in Sources */ = {isa = PBXBuildFile; fileRef = 5B92D4D7525FDC8F50B174FB /* GameEngine.swift */; };
		7B085D49DBF7573997C27A94 /* turn_change.wav in Resources */ = {isa = PBXBuildFile; fileRef = 1DB2065EABED4EF007E40661 /* turn_change.wav */; };
		7EDA99C923B9AB347A292E50 /* seed_words_4.txt in Resources */ = {isa = PBXBuildFile; fileRef = 51234C0965D4E1E6AC565646 /* seed_words_4.txt */; };
		8B158FFB3C4E7A69956914F7 /* ToastView.swift in Sources */ = {isa = PBXBuildFile; fileRef = A82EBF208BDA4E894AA7CB25 /* ToastView.swift */; };
		8B4DFAD13CA8817776FDA762 /* AddOneLetterWordGameUITestsLaunchTests.swift in Sources */ = {isa = PBXBuildFile; fileRef = FDBA2A378E4B8A2EB7C06A30 /* AddOneLetterWordGameUITestsLaunchTests.swift */; };
		8BE62CB12982BBCDD34C1D2C /* MatchRepository.swift in Sources */ = {isa = PBXBuildFile; fileRef = D40A8229AA39366CE2A74BB7 /* MatchRepository.swift */; };
		8C0ECD5EDFB373454A84FFF3 /* SoundManager.swift in Sources */ = {isa = PBXBuildFile; fileRef = 15A6F2163D7D4141F7AF0C2D /* SoundManager.swift */; };
		9650D34CB78879CD353A0CB1 /* UserSettings+CoreData.swift in Sources */ = {isa = PBXBuildFile; fileRef = 645B6677F83CE8148C89C85A /* UserSettings+CoreData.swift */; };
		A56DA3AC14D8E8099DBA8EBA /* WordRecord+CoreData.swift in Sources */ = {isa = PBXBuildFile; fileRef = 4A41D82FA7D659FC161C0251 /* WordRecord+CoreData.swift */; };
		A59E2A22548AF26E74061223 /* GameViewModel.swift in Sources */ = {isa = PBXBuildFile; fileRef = 1BE4BBCFCCB8587FD9409DC2 /* GameViewModel.swift */; };
		A79B260E7A672FAA8BA3C282 /* HintService.swift in Sources */ = {isa = PBXBuildFile; fileRef = 140DA1D00F8CB357F47C7812 /* HintService.swift */; };
		A94B7AE2457B1106B0420AB8 /* GameState.swift in Sources */ = {isa = PBXBuildFile; fileRef = 5C7922C207558B58CEB12D5A /* GameState.swift */; };
		ADCF46FACCF5170D8BF1CD94 /* invalid_attempt.wav in Resources */ = {isa = PBXBuildFile; fileRef = 9EDBFC6639156859B5888CA8 /* invalid_attempt.wav */; };
		AE28B6C89FC011A3747A5025 /* LetterPickerView.swift in Sources */ = {isa = PBXBuildFile; fileRef = D9A72857AA425AD094020A93 /* LetterPickerView.swift */; };
		AE4AECC009810E92814E0AA6 /* GameModels.swift in Sources */ = {isa = PBXBuildFile; fileRef = CC274AEAC0547A7A6AA39974 /* GameModels.swift */; };
		AFD785A6D2EBE04FA07E6501 /* Preview Assets.xcassets in Resources */ = {isa = PBXBuildFile; fileRef = 13F399B20F7846E43948F910 /* Preview Assets.xcassets */; };
		B10F136AF4B620B8D761A426 /* AppViewModel.swift in Sources */ = {isa = PBXBuildFile; fileRef = FF24891D6DCAF8DED135F781 /* AppViewModel.swift */; };
		BC3D1C48F70B0D46F76F318B /* AddOneLetterWordGameUITests.swift in Sources */ = {isa = PBXBuildFile; fileRef = 33C12D514C903B0128090035 /* AddOneLetterWordGameUITests.swift */; };
		C05D732F91D7BFE4244394B2 /* TutorialView.swift in Sources */ = {isa = PBXBuildFile; fileRef = 7A6DCA72F2D780517FD195F9 /* TutorialView.swift */; };
		C2B77800FCC9648203C0A298 /* DictionaryServiceTests.swift in Sources */ = {isa = PBXBuildFile; fileRef = 94E81BD609B12F526E69F946 /* DictionaryServiceTests.swift */; };
		C2BB999BB334B93A3DDC96CD /* SettingsRepository.swift in Sources */ = {isa = PBXBuildFile; fileRef = 7CF64FD1A6DF9CBE9CD310E2 /* SettingsRepository.swift */; };
		C3D9502FB6BE00D79F77D76E /* MatchRecord+CoreData.swift in Sources */ = {isa = PBXBuildFile; fileRef = C4C567957BB22411D0DB4A7F /* MatchRecord+CoreData.swift */; };
		C84BF6604133CE50763052D6 /* ScoreBarView.swift in Sources */ = {isa = PBXBuildFile; fileRef = 057BEFF671EE714136324A18 /* ScoreBarView.swift */; };
		D9CA0EC2057A6C11E907D4D2 /* place_letter.wav in Resources */ = {isa = PBXBuildFile; fileRef = CCAA4DD7B6943C1A5F30EFCB /* place_letter.wav */; };
		DCDC41BED35EE5EC19667C7F /* SettingsView.swift in Sources */ = {isa = PBXBuildFile; fileRef = D7D26C2F9189D5180080D3EC /* SettingsView.swift */; };
		DE1D3DE3913E666BC4230407 /* GameEngineTests.swift in Sources */ = {isa = PBXBuildFile; fileRef = B4568A09D2FF854837F1CA55 /* GameEngineTests.swift */; };
		E73D90DE340EDE47EEDCC35B /* Assets.xcassets in Resources */ = {isa = PBXBuildFile; fileRef = 63B4F6448AEA8797CAC5B06D /* Assets.xcassets */; };
		E7E2A7BC8D1553FD3E17C0B9 /* GameBoard.swift in Sources */ = {isa = PBXBuildFile; fileRef = D1A3818B5F8E12F0545D8C69 /* GameBoard.swift */; };
		ECCA127CA5DC9F2600C619E6 /* StatsView.swift in Sources */ = {isa = PBXBuildFile; fileRef = 6C296125233200C04B175FA6 /* StatsView.swift */; };
		F2F31B541913544052844556 /* GameEngineModels.swift in Sources */ = {isa = PBXBuildFile; fileRef = 4949CD072606643DB14599AC /* GameEngineModels.swift */; };
		F5E16EF7447789AD5516AA6A /* seed_words_5.txt in Resources */ = {isa = PBXBuildFile; fileRef = FF1444E731795C92253930AF /* seed_words_5.txt */; };
/* End PBXBuildFile section */

/* Begin PBXContainerItemProxy section */
		2F440EDE62705F4B6AD61108 /* PBXContainerItemProxy */ = {
			isa = PBXContainerItemProxy;
			containerPortal = 51F2EE373FF3BF77EADBB81B /* Project object */;
			proxyType = 1;
			remoteGlobalIDString = 37DF6CE85B633559D994E1C6;
			remoteInfo = AddOneLetterWordGame;
		};
		F6B493725A31020B6D562279 /* PBXContainerItemProxy */ = {
			isa = PBXContainerItemProxy;
			containerPortal = 51F2EE373FF3BF77EADBB81B /* Project object */;
			proxyType = 1;
			remoteGlobalIDString = 37DF6CE85B633559D994E1C6;
			remoteInfo = AddOneLetterWordGame;
		};
/* End PBXContainerItemProxy section */

/* Begin PBXFileReference section */
		057BEFF671EE714136324A18 /* ScoreBarView.swift */ = {isa = PBXFileReference; lastKnownFileType = sourcecode.swift; path = ScoreBarView.swift; sourceTree = "<group>"; };
		11464D3BCD6F0E0C3D0E7D6E /* HapticsManager.swift */ = {isa = PBXFileReference; lastKnownFileType = sourcecode.swift; path = HapticsManager.swift; sourceTree = "<group>"; };
		13F399B20F7846E43948F910 /* Preview Assets.xcassets */ = {isa = PBXFileReference; lastKnownFileType = folder.assetcatalog; path = "Preview Assets.xcassets"; sourceTree = "<group>"; };
		140DA1D00F8CB357F47C7812 /* HintService.swift */ = {isa = PBXFileReference; lastKnownFileType = sourcecode.swift; path = HintService.swift; sourceTree = "<group>"; };
		15A6F2163D7D4141F7AF0C2D /* SoundManager.swift */ = {isa = PBXFileReference; lastKnownFileType = sourcecode.swift; path = SoundManager.swift; sourceTree = "<group>"; };
		162ADEB5063FC2B6E078BB54 /* DictionaryService.swift */ = {isa = PBXFileReference; lastKnownFileType = sourcecode.swift; path = DictionaryService.swift; sourceTree = "<group>"; };
		1BE4BBCFCCB8587FD9409DC2 /* GameViewModel.swift */ = {isa = PBXFileReference; lastKnownFileType = sourcecode.swift; path = GameViewModel.swift; sourceTree = "<group>"; };
		1C1FA1F8E534A7427D536666 /* PrivacyInfo.xcprivacy */ = {isa = PBXFileReference; lastKnownFileType = text; path = PrivacyInfo.xcprivacy; sourceTree = "<group>"; };
		1DB2065EABED4EF007E40661 /* turn_change.wav */ = {isa = PBXFileReference; lastKnownFileType = audio.wav; path = turn_change.wav; sourceTree = "<group>"; };
		33C12D514C903B0128090035 /* AddOneLetterWordGameUITests.swift */ = {isa = PBXFileReference; lastKnownFileType = sourcecode.swift; path = AddOneLetterWordGameUITests.swift; sourceTree = "<group>"; };
		43EE5E83C1D3647866473E21 /* AITests.swift */ = {isa = PBXFileReference; lastKnownFileType = sourcecode.swift; path = AITests.swift; sourceTree = "<group>"; };
		44CDC865D5BF9D1D35508DA0 /* Character+Extensions.swift */ = {isa = PBXFileReference; lastKnownFileType = sourcecode.swift; path = "Character+Extensions.swift"; sourceTree = "<group>"; };
		452D6A8A209138A9B3F195CC /* PersistenceController.swift */ = {isa = PBXFileReference; lastKnownFileType = sourcecode.swift; path = PersistenceController.swift; sourceTree = "<group>"; };
		4949CD072606643DB14599AC /* GameEngineModels.swift */ = {isa = PBXFileReference; lastKnownFileType = sourcecode.swift; path = GameEngineModels.swift; sourceTree = "<group>"; };
		49E4A892910EB5960A02E433 /* english_words.tsv */ = {isa = PBXFileReference; lastKnownFileType = text; path = english_words.tsv; sourceTree = "<group>"; };
		4A41D82FA7D659FC161C0251 /* WordRecord+CoreData.swift */ = {isa = PBXFileReference; lastKnownFileType = sourcecode.swift; path = "WordRecord+CoreData.swift"; sourceTree = "<group>"; };
		51234C0965D4E1E6AC565646 /* seed_words_4.txt */ = {isa = PBXFileReference; lastKnownFileType = text; path = seed_words_4.txt; sourceTree = "<group>"; };
		5B92D4D7525FDC8F50B174FB /* GameEngine.swift */ = {isa = PBXFileReference; lastKnownFileType = sourcecode.swift; path = GameEngine.swift; sourceTree = "<group>"; };
		5C7922C207558B58CEB12D5A /* GameState.swift */ = {isa = PBXFileReference; lastKnownFileType = sourcecode.swift; path = GameState.swift; sourceTree = "<group>"; };
		632B9253AA2812615DD8A3AF /* AddOneLetterWordGameTests.xctest */ = {isa = PBXFileReference; includeInIndex = 0; lastKnownFileType = wrapper.cfbundle; path = AddOneLetterWordGameTests.xctest; sourceTree = BUILT_PRODUCTS_DIR; };
		63B4F6448AEA8797CAC5B06D /* Assets.xcassets */ = {isa = PBXFileReference; lastKnownFileType = folder.assetcatalog; path = Assets.xcassets; sourceTree = "<group>"; };
		645B6677F83CE8148C89C85A /* UserSettings+CoreData.swift */ = {isa = PBXFileReference; lastKnownFileType = sourcecode.swift; path = "UserSettings+CoreData.swift"; sourceTree = "<group>"; };
		68E66937755756CDD0944194 /* AIPlayer.swift */ = {isa = PBXFileReference; lastKnownFileType = sourcecode.swift; path = AIPlayer.swift; sourceTree = "<group>"; };
		6C296125233200C04B175FA6 /* StatsView.swift */ = {isa = PBXFileReference; lastKnownFileType = sourcecode.swift; path = StatsView.swift; sourceTree = "<group>"; };
		6F1BD15EA731BF788CAFD7A5 /* Info.plist */ = {isa = PBXFileReference; lastKnownFileType = text.plist; path = Info.plist; sourceTree = "<group>"; };
		71D72E9C1E183D519761D1A0 /* Model.xcdatamodel */ = {isa = PBXFileReference; lastKnownFileType = wrapper.xcdatamodel; path = Model.xcdatamodel; sourceTree = "<group>"; };
		7A6DCA72F2D780517FD195F9 /* TutorialView.swift */ = {isa = PBXFileReference; lastKnownFileType = sourcecode.swift; path = TutorialView.swift; sourceTree = "<group>"; };
		7BADFE1C921CEFEC3687965E /* game_end.wav */ = {isa = PBXFileReference; lastKnownFileType = audio.wav; path = game_end.wav; sourceTree = "<group>"; };
		7CF64FD1A6DF9CBE9CD310E2 /* SettingsRepository.swift */ = {isa = PBXFileReference; lastKnownFileType = sourcecode.swift; path = SettingsRepository.swift; sourceTree = "<group>"; };
		8B415FF75E07872FA7D2EB19 /* AddOneLetterWordGame.app */ = {isa = PBXFileReference; explicitFileType = wrapper.application; includeInIndex = 0; path = AddOneLetterWordGame.app; sourceTree = BUILT_PRODUCTS_DIR; };
		8BA7FE898CC227A17D7AC905 /* GameView.swift */ = {isa = PBXFileReference; lastKnownFileType = sourcecode.swift; path = GameView.swift; sourceTree = "<group>"; };
		8BACA05956F822159A4B933C /* TurnRecord+CoreData.swift */ = {isa = PBXFileReference; lastKnownFileType = sourcecode.swift; path = "TurnRecord+CoreData.swift"; sourceTree = "<group>"; };
		8F2346068E7615AFD2526CBD /* RulesView.swift */ = {isa = PBXFileReference; lastKnownFileType = sourcecode.swift; path = RulesView.swift; sourceTree = "<group>"; };
		94D917EF5275029B2DCCCCDE /* confirm_word.wav */ = {isa = PBXFileReference; lastKnownFileType = audio.wav; path = confirm_word.wav; sourceTree = "<group>"; };
		94E81BD609B12F526E69F946 /* DictionaryServiceTests.swift */ = {isa = PBXFileReference; lastKnownFileType = sourcecode.swift; path = DictionaryServiceTests.swift; sourceTree = "<group>"; };
		9EDBFC6639156859B5888CA8 /* invalid_attempt.wav */ = {isa = PBXFileReference; lastKnownFileType = audio.wav; path = invalid_attempt.wav; sourceTree = "<group>"; };
		A174B949A62AC1A1FB8D1661 /* BoardAnalyzer.swift */ = {isa = PBXFileReference; lastKnownFileType = sourcecode.swift; path = BoardAnalyzer.swift; sourceTree = "<group>"; };
		A82EBF208BDA4E894AA7CB25 /* ToastView.swift */ = {isa = PBXFileReference; lastKnownFileType = sourcecode.swift; path = ToastView.swift; sourceTree = "<group>"; };
		B26BAB816530CB54EEA1062C /* TileView.swift */ = {isa = PBXFileReference; lastKnownFileType = sourcecode.swift; path = TileView.swift; sourceTree = "<group>"; };
		B4568A09D2FF854837F1CA55 /* GameEngineTests.swift */ = {isa = PBXFileReference; lastKnownFileType = sourcecode.swift; path = GameEngineTests.swift; sourceTree = "<group>"; };
		B5C87DDA3831B34885EA1B5C /* PersistenceTests.swift */ = {isa = PBXFileReference; lastKnownFileType = sourcecode.swift; path = PersistenceTests.swift; sourceTree = "<group>"; };
		B92C8052509FB02DC37010B5 /* seed_words_6.txt */ = {isa = PBXFileReference; lastKnownFileType = text; path = seed_words_6.txt; sourceTree = "<group>"; };
		BBE6F774547436E2AF9501D2 /* BoardView.swift */ = {isa = PBXFileReference; lastKnownFileType = sourcecode.swift; path = BoardView.swift; sourceTree = "<group>"; };
		BDDE597E2A70A2AA07BFC7FF /* AddOneLetterWordGameUITests.xctest */ = {isa = PBXFileReference; includeInIndex = 0; lastKnownFileType = wrapper.cfbundle; path = AddOneLetterWordGameUITests.xctest; sourceTree = BUILT_PRODUCTS_DIR; };
		BDE46CA291B1BB762353D71E /* RootView.swift */ = {isa = PBXFileReference; lastKnownFileType = sourcecode.swift; path = RootView.swift; sourceTree = "<group>"; };
		C4C567957BB22411D0DB4A7F /* MatchRecord+CoreData.swift */ = {isa = PBXFileReference; lastKnownFileType = sourcecode.swift; path = "MatchRecord+CoreData.swift"; sourceTree = "<group>"; };
		CC274AEAC0547A7A6AA39974 /* GameModels.swift */ = {isa = PBXFileReference; lastKnownFileType = sourcecode.swift; path = GameModels.swift; sourceTree = "<group>"; };
		CCAA4DD7B6943C1A5F30EFCB /* place_letter.wav */ = {isa = PBXFileReference; lastKnownFileType = audio.wav; path = place_letter.wav; sourceTree = "<group>"; };
		D144F7369E0CDB036EF7C652 /* Info.plist */ = {isa = PBXFileReference; lastKnownFileType = text.plist; path = Info.plist; sourceTree = "<group>"; };
		D1A3818B5F8E12F0545D8C69 /* GameBoard.swift */ = {isa = PBXFileReference; lastKnownFileType = sourcecode.swift; path = GameBoard.swift; sourceTree = "<group>"; };
		D40A8229AA39366CE2A74BB7 /* MatchRepository.swift */ = {isa = PBXFileReference; lastKnownFileType = sourcecode.swift; path = MatchRepository.swift; sourceTree = "<group>"; };
		D7D26C2F9189D5180080D3EC /* SettingsView.swift */ = {isa = PBXFileReference; lastKnownFileType = sourcecode.swift; path = SettingsView.swift; sourceTree = "<group>"; };
		D9A72857AA425AD094020A93 /* LetterPickerView.swift */ = {isa = PBXFileReference; lastKnownFileType = sourcecode.swift; path = LetterPickerView.swift; sourceTree = "<group>"; };
		DE328E38B689783922F837E8 /* BoardTypes.swift */ = {isa = PBXFileReference; lastKnownFileType = sourcecode.swift; path = BoardTypes.swift; sourceTree = "<group>"; };
		E6A3253B077F1026F0538CE1 /* AppEnvironment.swift */ = {isa = PBXFileReference; lastKnownFileType = sourcecode.swift; path = AppEnvironment.swift; sourceTree = "<group>"; };
		E6EA24A38C5E9A777E18043F /* AddOneLetterWordGameApp.swift */ = {isa = PBXFileReference; lastKnownFileType = sourcecode.swift; path = AddOneLetterWordGameApp.swift; sourceTree = "<group>"; };
		EA21E585F69144D34616B72D /* Info.plist */ = {isa = PBXFileReference; lastKnownFileType = text.plist; path = Info.plist; sourceTree = "<group>"; };
		EF729006AB1ED46D1AF42766 /* seed_words_7.txt */ = {isa = PBXFileReference; lastKnownFileType = text; path = seed_words_7.txt; sourceTree = "<group>"; };
		F736309008045FBB38A049A7 /* HistoryView.swift */ = {isa = PBXFileReference; lastKnownFileType = sourcecode.swift; path = HistoryView.swift; sourceTree = "<group>"; };
		FDBA2A378E4B8A2EB7C06A30 /* AddOneLetterWordGameUITestsLaunchTests.swift */ = {isa = PBXFileReference; lastKnownFileType = sourcecode.swift; path = AddOneLetterWordGameUITestsLaunchTests.swift; sourceTree = "<group>"; };
		FF1444E731795C92253930AF /* seed_words_5.txt */ = {isa = PBXFileReference; lastKnownFileType = text; path = seed_words_5.txt; sourceTree = "<group>"; };
		FF24891D6DCAF8DED135F781 /* AppViewModel.swift */ = {isa = PBXFileReference; lastKnownFileType = sourcecode.swift; path = AppViewModel.swift; sourceTree = "<group>"; };
/* End PBXFileReference section */

/* Begin PBXGroup section */
		0F7113FCD21169E7805E15A1 /* Entities */ = {
			isa = PBXGroup;
			children = (
				C4C567957BB22411D0DB4A7F /* MatchRecord+CoreData.swift */,
				8BACA05956F822159A4B933C /* TurnRecord+CoreData.swift */,
				645B6677F83CE8148C89C85A /* UserSettings+CoreData.swift */,
				4A41D82FA7D659FC161C0251 /* WordRecord+CoreData.swift */,
			);
			path = Entities;
			sourceTree = "<group>";
		};
		1E2FCD7C42EC5D77E8307047 = {
			isa = PBXGroup;
			children = (
				D1E9CA9BB4BAC67933CA3390 /* AddOneLetterWordGameTests */,
				89C5C85CC687B6DEA24B5575 /* AddOneLetterWordGameUITests */,
				E037A49C77E53B1CAC5FA800 /* App */,
				445FC5B2A901AFF0C7D0F212 /* Game */,
				F5E5F1BFAB437DF0EBFA4FB7 /* Persistence */,
				35EF20F479B3F4AC1C4B608B /* Resources */,
				CED76671487CC50C986D3AAD /* Support */,
				CFD69A54C2AF0152C177FB6F /* UI */,
				7B05620594C6A3B77352049B /* Utilities */,
				D8684A7B7CBBE2AB1590E53B /* Products */,
			);
			sourceTree = "<group>";
		};
		35EF20F479B3F4AC1C4B608B /* Resources */ = {
			isa = PBXGroup;
			children = (
				63B4F6448AEA8797CAC5B06D /* Assets.xcassets */,
				875D7991E234318F6C53A7E6 /* Dictionaries */,
				BE24B008B0BE55AEB025F88F /* Preview Content */,
				DA8F230C3A89D2F42332F120 /* Sounds */,
			);
			path = Resources;
			sourceTree = "<group>";
		};
		445FC5B2A901AFF0C7D0F212 /* Game */ = {
			isa = PBXGroup;
			children = (
				D44873A1A0706159AA8F759D /* AI */,
				944BB83D0CF5EF9A2E2EC266 /* Engine */,
				57C93B95D8FA5B6486340BB6 /* Models */,
				706DDEE96F529BE904113BE3 /* Services */,
			);
			name = Game;
			path = AddOneLetterWordGame/Game;
			sourceTree = "<group>";
		};
		57C93B95D8FA5B6486340BB6 /* Models */ = {
			isa = PBXGroup;
			children = (
				CC274AEAC0547A7A6AA39974 /* GameModels.swift */,
				5C7922C207558B58CEB12D5A /* GameState.swift */,
				1BE4BBCFCCB8587FD9409DC2 /* GameViewModel.swift */,
			);
			path = Models;
			sourceTree = "<group>";
		};
		6782495EECF6A6ED6A4EB9AE /* Components */ = {
			isa = PBXGroup;
			children = (
				BBE6F774547436E2AF9501D2 /* BoardView.swift */,
				D9A72857AA425AD094020A93 /* LetterPickerView.swift */,
				057BEFF671EE714136324A18 /* ScoreBarView.swift */,
				B26BAB816530CB54EEA1062C /* TileView.swift */,
				A82EBF208BDA4E894AA7CB25 /* ToastView.swift */,
			);
			path = Components;
			sourceTree = "<group>";
		};
		706DDEE96F529BE904113BE3 /* Services */ = {
			isa = PBXGroup;
			children = (
				162ADEB5063FC2B6E078BB54 /* DictionaryService.swift */,
				140DA1D00F8CB357F47C7812 /* HintService.swift */,
			);
			path = Services;
			sourceTree = "<group>";
		};
		7B05620594C6A3B77352049B /* Utilities */ = {
			isa = PBXGroup;
			children = (
				44CDC865D5BF9D1D35508DA0 /* Character+Extensions.swift */,
			);
			name = Utilities;
			path = AddOneLetterWordGame/Utilities;
			sourceTree = "<group>";
		};
		875D7991E234318F6C53A7E6 /* Dictionaries */ = {
			isa = PBXGroup;
			children = (
				49E4A892910EB5960A02E433 /* english_words.tsv */,
				51234C0965D4E1E6AC565646 /* seed_words_4.txt */,
				FF1444E731795C92253930AF /* seed_words_5.txt */,
				B92C8052509FB02DC37010B5 /* seed_words_6.txt */,
				EF729006AB1ED46D1AF42766 /* seed_words_7.txt */,
			);
			path = Dictionaries;
			sourceTree = "<group>";
		};
		89C5C85CC687B6DEA24B5575 /* AddOneLetterWordGameUITests */ = {
			isa = PBXGroup;
			children = (
				33C12D514C903B0128090035 /* AddOneLetterWordGameUITests.swift */,
				FDBA2A378E4B8A2EB7C06A30 /* AddOneLetterWordGameUITestsLaunchTests.swift */,
				EA21E585F69144D34616B72D /* Info.plist */,
			);
			path = AddOneLetterWordGameUITests;
			sourceTree = "<group>";
		};
		944BB83D0CF5EF9A2E2EC266 /* Engine */ = {
			isa = PBXGroup;
			children = (
				A174B949A62AC1A1FB8D1661 /* BoardAnalyzer.swift */,
				DE328E38B689783922F837E8 /* BoardTypes.swift */,
				D1A3818B5F8E12F0545D8C69 /* GameBoard.swift */,
				5B92D4D7525FDC8F50B174FB /* GameEngine.swift */,
				4949CD072606643DB14599AC /* GameEngineModels.swift */,
			);
			path = Engine;
			sourceTree = "<group>";
		};
		A01E84153FA0345E2FB42B45 /* Tutorial */ = {
			isa = PBXGroup;
			children = (
				7A6DCA72F2D780517FD195F9 /* TutorialView.swift */,
			);
			path = Tutorial;
			sourceTree = "<group>";
		};
		AA1F2A579C3F23762F30BC7A /* Screens */ = {
			isa = PBXGroup;
			children = (
				8BA7FE898CC227A17D7AC905 /* GameView.swift */,
				F736309008045FBB38A049A7 /* HistoryView.swift */,
				BDE46CA291B1BB762353D71E /* RootView.swift */,
				8F2346068E7615AFD2526CBD /* RulesView.swift */,
				D7D26C2F9189D5180080D3EC /* SettingsView.swift */,
				6C296125233200C04B175FA6 /* StatsView.swift */,
			);
			path = Screens;
			sourceTree = "<group>";
		};
		BE24B008B0BE55AEB025F88F /* Preview Content */ = {
			isa = PBXGroup;
			children = (
				13F399B20F7846E43948F910 /* Preview Assets.xcassets */,
			);
			path = "Preview Content";
			sourceTree = "<group>";
		};
		CED76671487CC50C986D3AAD /* Support */ = {
			isa = PBXGroup;
			children = (
				11464D3BCD6F0E0C3D0E7D6E /* HapticsManager.swift */,
				D144F7369E0CDB036EF7C652 /* Info.plist */,
				1C1FA1F8E534A7427D536666 /* PrivacyInfo.xcprivacy */,
				15A6F2163D7D4141F7AF0C2D /* SoundManager.swift */,
			);
			name = Support;
			path = AddOneLetterWordGame/Support;
			sourceTree = "<group>";
		};
		CFD69A54C2AF0152C177FB6F /* UI */ = {
			isa = PBXGroup;
			children = (
				6782495EECF6A6ED6A4EB9AE /* Components */,
				AA1F2A579C3F23762F30BC7A /* Screens */,
				A01E84153FA0345E2FB42B45 /* Tutorial */,
			);
			name = UI;
			path = AddOneLetterWordGame/UI;
			sourceTree = "<group>";
		};
		D1E9CA9BB4BAC67933CA3390 /* AddOneLetterWordGameTests */ = {
			isa = PBXGroup;
			children = (
				43EE5E83C1D3647866473E21 /* AITests.swift */,
				94E81BD609B12F526E69F946 /* DictionaryServiceTests.swift */,
				B4568A09D2FF854837F1CA55 /* GameEngineTests.swift */,
				6F1BD15EA731BF788CAFD7A5 /* Info.plist */,
				B5C87DDA3831B34885EA1B5C /* PersistenceTests.swift */,
			);
			path = AddOneLetterWordGameTests;
			sourceTree = "<group>";
		};
		D44873A1A0706159AA8F759D /* AI */ = {
			isa = PBXGroup;
			children = (
				68E66937755756CDD0944194 /* AIPlayer.swift */,
			);
			path = AI;
			sourceTree = "<group>";
		};
		D8684A7B7CBBE2AB1590E53B /* Products */ = {
			isa = PBXGroup;
			children = (
				8B415FF75E07872FA7D2EB19 /* AddOneLetterWordGame.app */,
				632B9253AA2812615DD8A3AF /* AddOneLetterWordGameTests.xctest */,
				BDDE597E2A70A2AA07BFC7FF /* AddOneLetterWordGameUITests.xctest */,
			);
			name = Products;
			sourceTree = "<group>";
		};
		DA8F230C3A89D2F42332F120 /* Sounds */ = {
			isa = PBXGroup;
			children = (
				94D917EF5275029B2DCCCCDE /* confirm_word.wav */,
				7BADFE1C921CEFEC3687965E /* game_end.wav */,
				9EDBFC6639156859B5888CA8 /* invalid_attempt.wav */,
				CCAA4DD7B6943C1A5F30EFCB /* place_letter.wav */,
				1DB2065EABED4EF007E40661 /* turn_change.wav */,
			);
			path = Sounds;
			sourceTree = "<group>";
		};
		E037A49C77E53B1CAC5FA800 /* App */ = {
			isa = PBXGroup;
			children = (
				E6EA24A38C5E9A777E18043F /* AddOneLetterWordGameApp.swift */,
				E6A3253B077F1026F0538CE1 /* AppEnvironment.swift */,
				FF24891D6DCAF8DED135F781 /* AppViewModel.swift */,
			);
			name = App;
			path = AddOneLetterWordGame/App;
			sourceTree = "<group>";
		};
		F5E5F1BFAB437DF0EBFA4FB7 /* Persistence */ = {
			isa = PBXGroup;
			children = (
				D40A8229AA39366CE2A74BB7 /* MatchRepository.swift */,
				34540F444C0876E64BCD1898 /* Model.xcdatamodeld */,
				452D6A8A209138A9B3F195CC /* PersistenceController.swift */,
				7CF64FD1A6DF9CBE9CD310E2 /* SettingsRepository.swift */,
				0F7113FCD21169E7805E15A1 /* Entities */,
			);
			name = Persistence;
			path = AddOneLetterWordGame/Persistence;
			sourceTree = "<group>";
		};
/* End PBXGroup section */

/* Begin PBXNativeTarget section */
		3175F8819AAD0C27D0AD2B6A /* AddOneLetterWordGameTests */ = {
			isa = PBXNativeTarget;
			buildConfigurationList = C8AE7BD666E749E046E7AA72 /* Build configuration list for PBXNativeTarget "AddOneLetterWordGameTests" */;
			buildPhases = (
				55DDB0F91ADD5B23B50EFA4C /* Sources */,
			);
			buildRules = (
			);
			dependencies = (
				E51A5FB6324C5544AF6C8BAB /* PBXTargetDependency */,
			);
			name = AddOneLetterWordGameTests;
			packageProductDependencies = (
			);
			productName = AddOneLetterWordGameTests;
			productReference = 632B9253AA2812615DD8A3AF /* AddOneLetterWordGameTests.xctest */;
			productType = "com.apple.product-type.bundle.unit-test";
		};
		37DF6CE85B633559D994E1C6 /* AddOneLetterWordGame */ = {
			isa = PBXNativeTarget;
			buildConfigurationList = 60F0BF726945403FA3E1EE67 /* Build configuration list for PBXNativeTarget "AddOneLetterWordGame" */;
			buildPhases = (
				6CC7DDDA58A3720D9091B975 /* Sources */,
				6EDE0B2617FE71C89356F3BF /* Resources */,
			);
			buildRules = (
			);
			dependencies = (
			);
			name = AddOneLetterWordGame;
			packageProductDependencies = (
			);
			productName = AddOneLetterWordGame;
			productReference = 8B415FF75E07872FA7D2EB19 /* AddOneLetterWordGame.app */;
			productType = "com.apple.product-type.application";
		};
		F00E538D885F95EB04671ABE /* AddOneLetterWordGameUITests */ = {
			isa = PBXNativeTarget;
			buildConfigurationList = 1CEE711FE26317EC00CA51DC /* Build configuration list for PBXNativeTarget "AddOneLetterWordGameUITests" */;
			buildPhases = (
				4293624CFBEB9D47885974DC /* Sources */,
			);
			buildRules = (
			);
			dependencies = (
				E5DA22FADAB0157B6F64578B /* PBXTargetDependency */,
			);
			name = AddOneLetterWordGameUITests;
			packageProductDependencies = (
			);
			productName = AddOneLetterWordGameUITests;
			productReference = BDDE597E2A70A2AA07BFC7FF /* AddOneLetterWordGameUITests.xctest */;
			productType = "com.apple.product-type.bundle.ui-testing";
		};
/* End PBXNativeTarget section */

/* Begin PBXProject section */
		51F2EE373FF3BF77EADBB81B /* Project object */ = {
			isa = PBXProject;
			attributes = {
				BuildIndependentTargetsInParallel = YES;
				LastUpgradeCheck = 1430;
				TargetAttributes = {
					F00E538D885F95EB04671ABE = {
						TestTargetID = 37DF6CE85B633559D994E1C6;
					};
				};
			};
			buildConfigurationList = A5D67E38192F8E23AD033FC3 /* Build configuration list for PBXProject "AddOneLetterWordGame" */;
			compatibilityVersion = "Xcode 14.0";
			developmentRegion = en;
			hasScannedForEncodings = 0;
			knownRegions = (
				Base,
				en,
			);
			mainGroup = 1E2FCD7C42EC5D77E8307047;
			minimizedProjectReferenceProxies = 1;
			projectDirPath = "";
			projectRoot = "";
			targets = (
				37DF6CE85B633559D994E1C6 /* AddOneLetterWordGame */,
				3175F8819AAD0C27D0AD2B6A /* AddOneLetterWordGameTests */,
				F00E538D885F95EB04671ABE /* AddOneLetterWordGameUITests */,
			);
		};
/* End PBXProject section */

/* Begin PBXResourcesBuildPhase section */
		6EDE0B2617FE71C89356F3BF /* Resources */ = {
			isa = PBXResourcesBuildPhase;
			buildActionMask = 2147483647;
			files = (
				E73D90DE340EDE47EEDCC35B /* Assets.xcassets in Resources */,
				AFD785A6D2EBE04FA07E6501 /* Preview Assets.xcassets in Resources */,
				733971F46D096F4EB4EECB92 /* PrivacyInfo.xcprivacy in Resources */,
				550D8A51CC565642A7C89C25 /* confirm_word.wav in Resources */,
				6C3038BA372700FF3F09AF1D /* english_words.tsv in Resources */,
				68E6875BA64AACEA39702F29 /* game_end.wav in Resources */,
				ADCF46FACCF5170D8BF1CD94 /* invalid_attempt.wav in Resources */,
				D9CA0EC2057A6C11E907D4D2 /* place_letter.wav in Resources */,
				7EDA99C923B9AB347A292E50 /* seed_words_4.txt in Resources */,
				F5E16EF7447789AD5516AA6A /* seed_words_5.txt in Resources */,
				6C61110180707EEC911A379B /* seed_words_6.txt in Resources */,
				0EA863D887A973B1555A1D7C /* seed_words_7.txt in Resources */,
				7B085D49DBF7573997C27A94 /* turn_change.wav in Resources */,
			);
			runOnlyForDeploymentPostprocessing = 0;
		};
/* End PBXResourcesBuildPhase section */

/* Begin PBXSourcesBuildPhase section */
		4293624CFBEB9D47885974DC /* Sources */ = {
			isa = PBXSourcesBuildPhase;
			buildActionMask = 2147483647;
			files = (
				BC3D1C48F70B0D46F76F318B /* AddOneLetterWordGameUITests.swift in Sources */,
				8B4DFAD13CA8817776FDA762 /* AddOneLetterWordGameUITestsLaunchTests.swift in Sources */,
			);
			runOnlyForDeploymentPostprocessing = 0;
		};
		55DDB0F91ADD5B23B50EFA4C /* Sources */ = {
			isa = PBXSourcesBuildPhase;
			buildActionMask = 2147483647;
			files = (
				3FF87517D1425ED5C4CAE694 /* AITests.swift in Sources */,
				C2B77800FCC9648203C0A298 /* DictionaryServiceTests.swift in Sources */,
				DE1D3DE3913E666BC4230407 /* GameEngineTests.swift in Sources */,
				3E162654CCDF08AA4C3B72C1 /* PersistenceTests.swift in Sources */,
			);
			runOnlyForDeploymentPostprocessing = 0;
		};
		6CC7DDDA58A3720D9091B975 /* Sources */ = {
			isa = PBXSourcesBuildPhase;
			buildActionMask = 2147483647;
			files = (
				657AABA3EDDE22F6DF6E9689 /* AIPlayer.swift in Sources */,
				658AFFFF4C6660F2C1048D92 /* AddOneLetterWordGameApp.swift in Sources */,
				0DF7B92128C2D5781338E47C /* AppEnvironment.swift in Sources */,
				B10F136AF4B620B8D761A426 /* AppViewModel.swift in Sources */,
				3CFC0E286A817681BA68AC80 /* BoardAnalyzer.swift in Sources */,
				64B6B6313ACFCC688A226C73 /* BoardTypes.swift in Sources */,
				036D02036D74DAFC9A4DAD25 /* BoardView.swift in Sources */,
				4314129ED5E07B67588B2255 /* Character+Extensions.swift in Sources */,
				07C24A4D9C2195F2C145A144 /* DictionaryService.swift in Sources */,
				E7E2A7BC8D1553FD3E17C0B9 /* GameBoard.swift in Sources */,
				794FB7538D2FFCF02C876C0B /* GameEngine.swift in Sources */,
				F2F31B541913544052844556 /* GameEngineModels.swift in Sources */,
				AE4AECC009810E92814E0AA6 /* GameModels.swift in Sources */,
				A94B7AE2457B1106B0420AB8 /* GameState.swift in Sources */,
				3E095BA833713A3F462849FB /* GameView.swift in Sources */,
				A59E2A22548AF26E74061223 /* GameViewModel.swift in Sources */,
				688E8BD1BBDCE01385D2638E /* HapticsManager.swift in Sources */,
				A79B260E7A672FAA8BA3C282 /* HintService.swift in Sources */,
				3DFD21D8F228914522F48F30 /* HistoryView.swift in Sources */,
				AE28B6C89FC011A3747A5025 /* LetterPickerView.swift in Sources */,
				C3D9502FB6BE00D79F77D76E /* MatchRecord+CoreData.swift in Sources */,
				8BE62CB12982BBCDD34C1D2C /* MatchRepository.swift in Sources */,
				3035DCC956AB9BFE6C9191BE /* Model.xcdatamodeld in Sources */,
				1180EF9F58B8D07F153EBA4A /* PersistenceController.swift in Sources */,
				5459DEFFDB8EA70EAAA9E959 /* RootView.swift in Sources */,
				3915BC3FCF284C267231CAF0 /* RulesView.swift in Sources */,
				C84BF6604133CE50763052D6 /* ScoreBarView.swift in Sources */,
				C2BB999BB334B93A3DDC96CD /* SettingsRepository.swift in Sources */,
				DCDC41BED35EE5EC19667C7F /* SettingsView.swift in Sources */,
				8C0ECD5EDFB373454A84FFF3 /* SoundManager.swift in Sources */,
				ECCA127CA5DC9F2600C619E6 /* StatsView.swift in Sources */,
				5CA0D64F395E794781C85FAE /* TileView.swift in Sources */,
				8B158FFB3C4E7A69956914F7 /* ToastView.swift in Sources */,
				2D5BE0943569D421671052BD /* TurnRecord+CoreData.swift in Sources */,
				C05D732F91D7BFE4244394B2 /* TutorialView.swift in Sources */,
				9650D34CB78879CD353A0CB1 /* UserSettings+CoreData.swift in Sources */,
				A56DA3AC14D8E8099DBA8EBA /* WordRecord+CoreData.swift in Sources */,
			);
			runOnlyForDeploymentPostprocessing = 0;
		};
/* End PBXSourcesBuildPhase section */

/* Begin PBXTargetDependency section */
		E51A5FB6324C5544AF6C8BAB /* PBXTargetDependency */ = {
			isa = PBXTargetDependency;
			target = 37DF6CE85B633559D994E1C6 /* AddOneLetterWordGame */;
			targetProxy = 2F440EDE62705F4B6AD61108 /* PBXContainerItemProxy */;
		};
		E5DA22FADAB0157B6F64578B /* PBXTargetDependency */ = {
			isa = PBXTargetDependency;
			target = 37DF6CE85B633559D994E1C6 /* AddOneLetterWordGame */;
			targetProxy = F6B493725A31020B6D562279 /* PBXContainerItemProxy */;
		};
/* End PBXTargetDependency section */

/* Begin XCBuildConfiguration section */
		0321C9A24158E56EAC69845D /* Release */ = {
			isa = XCBuildConfiguration;
			buildSettings = {
				ASSETCATALOG_COMPILER_APPICON_NAME = AppIcon;
				CODE_SIGN_IDENTITY = "iPhone Developer";
				DEVELOPMENT_TEAM = U7N2C95A8L;
				INFOPLIST_FILE = AddOneLetterWordGame/Support/Info.plist;
				LD_RUNPATH_SEARCH_PATHS = (
					"$(inherited)",
					"@executable_path/Frameworks",
				);
				PRODUCT_BUNDLE_IDENTIFIER = com.iryna.addoneletterwordgame;
				SDKROOT = iphoneos;
				TARGETED_DEVICE_FAMILY = 1;
			};
			name = Release;
		};
		1BD321D9221F2B6F50820F46 /* Debug */ = {
			isa = XCBuildConfiguration;
			buildSettings = {
				ALWAYS_SEARCH_USER_PATHS = NO;
				BASE_SDK = iphoneos;
				CLANG_ANALYZER_NONNULL = YES;
				CLANG_ANALYZER_NUMBER_OBJECT_CONVERSION = YES_AGGRESSIVE;
				CLANG_CXX_LANGUAGE_STANDARD = "gnu++14";
				CLANG_CXX_LIBRARY = "libc++";
				CLANG_ENABLE_MODULES = YES;
				CLANG_ENABLE_OBJC_ARC = YES;
				CLANG_ENABLE_OBJC_WEAK = YES;
				CLANG_WARN_BLOCK_CAPTURE_AUTORELEASING = YES;
				CLANG_WARN_BOOL_CONVERSION = YES;
				CLANG_WARN_COMMA = YES;
				CLANG_WARN_CONSTANT_CONVERSION = YES;
				CLANG_WARN_DEPRECATED_OBJC_IMPLEMENTATIONS = YES;
				CLANG_WARN_DIRECT_OBJC_ISA_USAGE = YES_ERROR;
				CLANG_WARN_DOCUMENTATION_COMMENTS = YES;
				CLANG_WARN_EMPTY_BODY = YES;
				CLANG_WARN_ENUM_CONVERSION = YES;
				CLANG_WARN_INFINITE_RECURSION = YES;
				CLANG_WARN_INT_CONVERSION = YES;
				CLANG_WARN_NON_LITERAL_NULL_CONVERSION = YES;
				CLANG_WARN_OBJC_IMPLICIT_RETAIN_SELF = YES;
				CLANG_WARN_OBJC_LITERAL_CONVERSION = YES;
				CLANG_WARN_OBJC_ROOT_CLASS = YES_ERROR;
				CLANG_WARN_QUOTED_INCLUDE_IN_FRAMEWORK_HEADER = YES;
				CLANG_WARN_RANGE_LOOP_ANALYSIS = YES;
				CLANG_WARN_STRICT_PROTOTYPES = YES;
				CLANG_WARN_SUSPICIOUS_MOVE = YES;
				CLANG_WARN_UNGUARDED_AVAILABILITY = YES_AGGRESSIVE;
				CLANG_WARN_UNREACHABLE_CODE = YES;
				CLANG_WARN__DUPLICATE_METHOD_MATCH = YES;
				COPY_PHASE_STRIP = NO;
				DEBUG_INFORMATION_FORMAT = dwarf;
				ENABLE_STRICT_OBJC_MSGSEND = YES;
				ENABLE_TESTABILITY = YES;
				GCC_C_LANGUAGE_STANDARD = gnu11;
				GCC_DYNAMIC_NO_PIC = NO;
				GCC_NO_COMMON_BLOCKS = YES;
				GCC_OPTIMIZATION_LEVEL = 0;
				GCC_PREPROCESSOR_DEFINITIONS = (
					"$(inherited)",
					"DEBUG=1",
				);
				GCC_WARN_64_TO_32_BIT_CONVERSION = YES;
				GCC_WARN_ABOUT_RETURN_TYPE = YES_ERROR;
				GCC_WARN_UNDECLARED_SELECTOR = YES;
				GCC_WARN_UNINITIALIZED_AUTOS = YES_AGGRESSIVE;
				GCC_WARN_UNUSED_FUNCTION = YES;
				GCC_WARN_UNUSED_VARIABLE = YES;
				IPHONEOS_DEPLOYMENT_TARGET = 16.0;
				MTL_ENABLE_DEBUG_INFO = INCLUDE_SOURCE;
				MTL_FAST_MATH = YES;
				ONLY_ACTIVE_ARCH = YES;
				PRODUCT_NAME = "$(TARGET_NAME)";
				SDKROOT = iphoneos;
				SWIFT_ACTIVE_COMPILATION_CONDITIONS = DEBUG;
				SWIFT_OPTIMIZATION_LEVEL = "-Onone";
				SWIFT_VERSION = 5.9;
			};
			name = Debug;
		};
		2B551EAC8AB8C69198319037 /* Debug */ = {
			isa = XCBuildConfiguration;
			buildSettings = {
				ASSETCATALOG_COMPILER_APPICON_NAME = AppIcon;
				CODE_SIGN_IDENTITY = "iPhone Developer";
				DEVELOPMENT_TEAM = U7N2C95A8L;
				INFOPLIST_FILE = AddOneLetterWordGame/Support/Info.plist;
				LD_RUNPATH_SEARCH_PATHS = (
					"$(inherited)",
					"@executable_path/Frameworks",
				);
				PRODUCT_BUNDLE_IDENTIFIER = com.iryna.addoneletterwordgame;
				SDKROOT = iphoneos;
				TARGETED_DEVICE_FAMILY = 1;
			};
			name = Debug;
		};
		335460BD9EC33C3DA4D01992 /* Release */ = {
			isa = XCBuildConfiguration;
			buildSettings = {
				BUNDLE_LOADER = "$(TEST_HOST)";
				INFOPLIST_FILE = AddOneLetterWordGameTests/Info.plist;
				LD_RUNPATH_SEARCH_PATHS = (
					"$(inherited)",
					"@executable_path/Frameworks",
					"@loader_path/Frameworks",
				);
				SDKROOT = iphoneos;
				TARGETED_DEVICE_FAMILY = "1,2";
				TEST_HOST = "$(BUILT_PRODUCTS_DIR)/AddOneLetterWordGame.app/AddOneLetterWordGame";
			};
			name = Release;
		};
		77B7D5D1CF90DF790966AB6B /* Debug */ = {
			isa = XCBuildConfiguration;
			buildSettings = {
				BUNDLE_LOADER = "$(TEST_HOST)";
				INFOPLIST_FILE = AddOneLetterWordGameUITests/Info.plist;
				LD_RUNPATH_SEARCH_PATHS = (
					"$(inherited)",
					"@executable_path/Frameworks",
					"@loader_path/Frameworks",
				);
				SDKROOT = iphoneos;
				TARGETED_DEVICE_FAMILY = "1,2";
				TEST_TARGET_NAME = AddOneLetterWordGame;
			};
			name = Debug;
		};
		C8B96AD7560992AE6D5F3B8D /* Debug */ = {
			isa = XCBuildConfiguration;
			buildSettings = {
				BUNDLE_LOADER = "$(TEST_HOST)";
				INFOPLIST_FILE = AddOneLetterWordGameTests/Info.plist;
				LD_RUNPATH_SEARCH_PATHS = (
					"$(inherited)",
					"@executable_path/Frameworks",
					"@loader_path/Frameworks",
				);
				SDKROOT = iphoneos;
				TARGETED_DEVICE_FAMILY = "1,2";
				TEST_HOST = "$(BUILT_PRODUCTS_DIR)/AddOneLetterWordGame.app/AddOneLetterWordGame";
			};
			name = Debug;
		};
		F589077D9D5F9D093797936D /* Release */ = {
			isa = XCBuildConfiguration;
			buildSettings = {
				ALWAYS_SEARCH_USER_PATHS = NO;
				BASE_SDK = iphoneos;
				CLANG_ANALYZER_NONNULL = YES;
				CLANG_ANALYZER_NUMBER_OBJECT_CONVERSION = YES_AGGRESSIVE;
				CLANG_CXX_LANGUAGE_STANDARD = "gnu++14";
				CLANG_CXX_LIBRARY = "libc++";
				CLANG_ENABLE_MODULES = YES;
				CLANG_ENABLE_OBJC_ARC = YES;
				CLANG_ENABLE_OBJC_WEAK = YES;
				CLANG_WARN_BLOCK_CAPTURE_AUTORELEASING = YES;
				CLANG_WARN_BOOL_CONVERSION = YES;
				CLANG_WARN_COMMA = YES;
				CLANG_WARN_CONSTANT_CONVERSION = YES;
				CLANG_WARN_DEPRECATED_OBJC_IMPLEMENTATIONS = YES;
				CLANG_WARN_DIRECT_OBJC_ISA_USAGE = YES_ERROR;
				CLANG_WARN_DOCUMENTATION_COMMENTS = YES;
				CLANG_WARN_EMPTY_BODY = YES;
				CLANG_WARN_ENUM_CONVERSION = YES;
				CLANG_WARN_INFINITE_RECURSION = YES;
				CLANG_WARN_INT_CONVERSION = YES;
				CLANG_WARN_NON_LITERAL_NULL_CONVERSION = YES;
				CLANG_WARN_OBJC_IMPLICIT_RETAIN_SELF = YES;
				CLANG_WARN_OBJC_LITERAL_CONVERSION = YES;
				CLANG_WARN_OBJC_ROOT_CLASS = YES_ERROR;
				CLANG_WARN_QUOTED_INCLUDE_IN_FRAMEWORK_HEADER = YES;
				CLANG_WARN_RANGE_LOOP_ANALYSIS = YES;
				CLANG_WARN_STRICT_PROTOTYPES = YES;
				CLANG_WARN_SUSPICIOUS_MOVE = YES;
				CLANG_WARN_UNGUARDED_AVAILABILITY = YES_AGGRESSIVE;
				CLANG_WARN_UNREACHABLE_CODE = YES;
				CLANG_WARN__DUPLICATE_METHOD_MATCH = YES;
				COPY_PHASE_STRIP = NO;
				DEBUG_INFORMATION_FORMAT = "dwarf-with-dsym";
				ENABLE_NS_ASSERTIONS = NO;
				ENABLE_STRICT_OBJC_MSGSEND = YES;
				GCC_C_LANGUAGE_STANDARD = gnu11;
				GCC_NO_COMMON_BLOCKS = YES;
				GCC_WARN_64_TO_32_BIT_CONVERSION = YES;
				GCC_WARN_ABOUT_RETURN_TYPE = YES_ERROR;
				GCC_WARN_UNDECLARED_SELECTOR = YES;
				GCC_WARN_UNINITIALIZED_AUTOS = YES_AGGRESSIVE;
				GCC_WARN_UNUSED_FUNCTION = YES;
				GCC_WARN_UNUSED_VARIABLE = YES;
				IPHONEOS_DEPLOYMENT_TARGET = 16.0;
				MTL_ENABLE_DEBUG_INFO = NO;
				MTL_FAST_MATH = YES;
				PRODUCT_NAME = "$(TARGET_NAME)";
				SDKROOT = iphoneos;
				SWIFT_COMPILATION_MODE = wholemodule;
				SWIFT_OPTIMIZATION_LEVEL = "-O";
				SWIFT_VERSION = 5.9;
			};
			name = Release;
		};
		FB8E03B88B30325DC6E40C26 /* Release */ = {
			isa = XCBuildConfiguration;
			buildSettings = {
				BUNDLE_LOADER = "$(TEST_HOST)";
				INFOPLIST_FILE = AddOneLetterWordGameUITests/Info.plist;
				LD_RUNPATH_SEARCH_PATHS = (
					"$(inherited)",
					"@executable_path/Frameworks",
					"@loader_path/Frameworks",
				);
				SDKROOT = iphoneos;
				TARGETED_DEVICE_FAMILY = "1,2";
				TEST_TARGET_NAME = AddOneLetterWordGame;
			};
			name = Release;
		};
/* End XCBuildConfiguration section */

/* Begin XCConfigurationList section */
		1CEE711FE26317EC00CA51DC /* Build configuration list for PBXNativeTarget "AddOneLetterWordGameUITests" */ = {
			isa = XCConfigurationList;
			buildConfigurations = (
				77B7D5D1CF90DF790966AB6B /* Debug */,
				FB8E03B88B30325DC6E40C26 /* Release */,
			);
			defaultConfigurationIsVisible = 0;
			defaultConfigurationName = Debug;
		};
		60F0BF726945403FA3E1EE67 /* Build configuration list for PBXNativeTarget "AddOneLetterWordGame" */ = {
			isa = XCConfigurationList;
			buildConfigurations = (
				2B551EAC8AB8C69198319037 /* Debug */,
				0321C9A24158E56EAC69845D /* Release */,
			);
			defaultConfigurationIsVisible = 0;
			defaultConfigurationName = Debug;
		};
		A5D67E38192F8E23AD033FC3 /* Build configuration list for PBXProject "AddOneLetterWordGame" */ = {
			isa = XCConfigurationList;
			buildConfigurations = (
				1BD321D9221F2B6F50820F46 /* Debug */,
				F589077D9D5F9D093797936D /* Release */,
			);
			defaultConfigurationIsVisible = 0;
			defaultConfigurationName = Debug;
		};
		C8AE7BD666E749E046E7AA72 /* Build configuration list for PBXNativeTarget "AddOneLetterWordGameTests" */ = {
			isa = XCConfigurationList;
			buildConfigurations = (
				C8B96AD7560992AE6D5F3B8D /* Debug */,
				335460BD9EC33C3DA4D01992 /* Release */,
			);
			defaultConfigurationIsVisible = 0;
			defaultConfigurationName = Debug;
		};
/* End XCConfigurationList section */

/* Begin XCVersionGroup section */
		34540F444C0876E64BCD1898 /* Model.xcdatamodeld */ = {
			isa = XCVersionGroup;
			children = (
				71D72E9C1E183D519761D1A0 /* Model.xcdatamodel */,
			);
			currentVersion = 71D72E9C1E183D519761D1A0 /* Model.xcdatamodel */;
			path = Model.xcdatamodeld;
			sourceTree = "<group>";
			versionGroupType = wrapper.xcdatamodel;
		};
/* End XCVersionGroup section */
	};
	rootObject = 51F2EE373FF3BF77EADBB81B /* Project object */;
}
